
Microsoft Visual Studio Solution File, Format Version 12.00
# Visual Studio 2012
Project("{FAE04EC0-301F-11D3-BF4B-00C04F79EFBC}") = "VelosCar", "VelosCar\VelosCar.csproj", "{1859856F-BEC7-4CDE-8567-EE05D9DD6599}"
EndProject
Global
	GlobalSection(SolutionConfigurationPlatforms) = preSolution
		Debug|Any CPU = Debug|Any CPU
		Release|Any CPU = Release|Any CPU
	EndGlobalSection
	GlobalSection(ProjectConfigurationPlatforms) = postSolution
		{1859856F-BEC7-4CDE-8567-EE05D9DD6599}.Debug|Any CPU.ActiveCfg = Debug|Any CPU
		{1859856F-BEC7-4CDE-8567-EE05D9DD6599}.Debug|Any CPU.Build.0 = Debug|Any CPU
		{1859856F-BEC7-4CDE-8567-EE05D9DD6599}.Release|Any CPU.ActiveCfg = Release|Any CPU
		{1859856F-BEC7-4CDE-8567-EE05D9DD6599}.Release|Any CPU.Build.0 = Release|Any CPU
	EndGlobalSection
	GlobalSection(SolutionProperties) = preSolution
		HideSolutionNode = FALSE
	EndGlobalSection
EndGlobal
